
Microsoft Visual Studio Solution File, Format Version 12.00
# Visual Studio Version 16
VisualStudioVersion = 16.0.31005.135
MinimumVisualStudioVersion = 10.0.40219.1
Project("{FAE04EC0-301F-11D3-BF4B-00C04F79EFBC}") = "CPS", "CPS\CPS.csproj", "{DAF6C68D-B0FF-42DF-9C3C-3C5357EB927A}"
EndProject
Global
	GlobalSection(SolutionConfigurationPlatforms) = preSolution
		Debug|Any CPU = Debug|Any CPU
		Release|Any CPU = Release|Any CPU
	EndGlobalSection
	GlobalSection(ProjectConfigurationPlatforms) = postSolution
		{DAF6C68D-B0FF-42DF-9C3C-3C5357EB927A}.Debug|Any CPU.ActiveCfg = Debug|Any CPU
		{DAF6C68D-B0FF-42DF-9C3C-3C5357EB927A}.Debug|Any CPU.Build.0 = Debug|Any CPU
		{DAF6C68D-B0FF-42DF-9C3C-3C5357EB927A}.Release|Any CPU.ActiveCfg = Release|Any CPU
		{DAF6C68D-B0FF-42DF-9C3C-3C5357EB927A}.Release|Any CPU.Build.0 = Release|Any CPU
	EndGlobalSection
	GlobalSection(SolutionProperties) = preSolution
		HideSolutionNode = FALSE
	EndGlobalSection
	GlobalSection(ExtensibilityGlobals) = postSolution
		SolutionGuid = {D53614FA-E146-4941-9BDC-BDF867B25872}
	EndGlobalSection
EndGlobal
